
Microsoft Visual Studio Solution File, Format Version 12.00
# Visual Studio Version 17
VisualStudioVersion = 17.9.34728.123
MinimumVisualStudioVersion = 10.0.40219.1
Project("{FAE04EC0-301F-11D3-BF4B-00C04F79EFBC}") = "Catalog", "Catalog\Catalog.csproj", "{99D25941-4298-4919-AF96-CF71DC5B5C56}"
EndProject
Project("{FAE04EC0-301F-11D3-BF4B-00C04F79EFBC}") = "CRM", "CRM\CRM.csproj", "{748260DB-2C74-43A4-B1F9-19BDCE1C418B}"
EndProject
Project("{FAE04EC0-301F-11D3-BF4B-00C04F79EFBC}") = "OrderProcessing", "OrderProcessing\OrderProcessing.csproj", "{22DED84A-5091-4510-B4B1-0DB578A500E0}"
EndProject
Project("{FAE04EC0-301F-11D3-BF4B-00C04F79EFBC}") = "ECommerceTest", "ECommercetest\ECommerceTest.csproj", "{9DDA618E-A65B-4C8D-A789-49E95B9E1DD2}"
EndProject
Project("{FAE04EC0-301F-11D3-BF4B-00C04F79EFBC}") = "ECommerceWeb", "ECommerceWeb\ECommerceWeb.csproj", "{7D8AA76B-0C5C-4456-B337-013ED3C8F4E8}"
EndProject
Project("{FAE04EC0-301F-11D3-BF4B-00C04F79EFBC}") = "ShoppingCart", "ShoppingCart\ShoppingCart.csproj", "{30248992-D8F5-49E3-8EDD-11B4280EF8E0}"
EndProject
Project("{FAE04EC0-301F-11D3-BF4B-00C04F79EFBC}") = "Membership", "Membership\Membership.csproj", "{69798A8A-62D9-429F-A6FE-8D8C2FE1FB17}"
EndProject
Project("{FAE04EC0-301F-11D3-BF4B-00C04F79EFBC}") = "CSharpFeatureApp", "CSharpFeatureApp\CSharpFeatureApp.csproj", "{59FC58E7-3478-40C2-B8F6-D257B95126E4}"
EndProject
Project("{FAE04EC0-301F-11D3-BF4B-00C04F79EFBC}") = "Taxation", "Taxation\Taxation.csproj", "{EC44D749-E052-4C2B-A0AB-AF88CF0D1ECF}"
EndProject
Project("{FAE04EC0-301F-11D3-BF4B-00C04F79EFBC}") = "Penalty", "Penalty\Penalty.csproj", "{F22539BA-AA66-410B-9960-C2100E0F7620}"
EndProject
Project("{FAE04EC0-301F-11D3-BF4B-00C04F79EFBC}") = "Banking", "Banking\Banking.csproj", "{899AD39E-9C9B-428F-A0B4-CC45257887F8}"
EndProject
Project("{FAE04EC0-301F-11D3-BF4B-00C04F79EFBC}") = "Delegation", "Delegation\Delegation.csproj", "{C4FBA5D1-1A7A-4065-A88F-08837332754A}"
EndProject
Project("{FAE04EC0-301F-11D3-BF4B-00C04F79EFBC}") = "Specification", "Specification\Specification.csproj", "{2F94B7ED-6A6A-48D5-8349-34794E92A10A}"
EndProject
Project("{FAE04EC0-301F-11D3-BF4B-00C04F79EFBC}") = "POCOLib", "POCOLib\POCOLib.csproj", "{143AFC77-A8B7-4A2F-9658-DAA988E9F3F0}"
EndProject
Project("{FAE04EC0-301F-11D3-BF4B-00C04F79EFBC}") = "BinaryDataRepository", "BinaryDataRepository\BinaryDataRepository.csproj", "{2534BF9A-D9A4-4CC5-90CF-ED398E203AB2}"
EndProject
Project("{FAE04EC0-301F-11D3-BF4B-00C04F79EFBC}") = "Services", "Services\Services.csproj", "{603FEED1-352D-4755-81B8-D23015E3EC02}"
EndProject
Project("{FAE04EC0-301F-11D3-BF4B-00C04F79EFBC}") = "SerializationTestApp", "SerializationTestApp\SerializationTestApp.csproj", "{F7FD9EF1-3D75-434E-ACDC-79E456AE45B8}"
EndProject
Global
	GlobalSection(SolutionConfigurationPlatforms) = preSolution
		Debug|Any CPU = Debug|Any CPU
		Release|Any CPU = Release|Any CPU
	EndGlobalSection
	GlobalSection(ProjectConfigurationPlatforms) = postSolution
		{99D25941-4298-4919-AF96-CF71DC5B5C56}.Debug|Any CPU.ActiveCfg = Debug|Any CPU
		{99D25941-4298-4919-AF96-CF71DC5B5C56}.Debug|Any CPU.Build.0 = Debug|Any CPU
		{99D25941-4298-4919-AF96-CF71DC5B5C56}.Release|Any CPU.ActiveCfg = Release|Any CPU
		{99D25941-4298-4919-AF96-CF71DC5B5C56}.Release|Any CPU.Build.0 = Release|Any CPU
		{748260DB-2C74-43A4-B1F9-19BDCE1C418B}.Debug|Any CPU.ActiveCfg = Debug|Any CPU
		{748260DB-2C74-43A4-B1F9-19BDCE1C418B}.Debug|Any CPU.Build.0 = Debug|Any CPU
		{748260DB-2C74-43A4-B1F9-19BDCE1C418B}.Release|Any CPU.ActiveCfg = Release|Any CPU
		{748260DB-2C74-43A4-B1F9-19BDCE1C418B}.Release|Any CPU.Build.0 = Release|Any CPU
		{22DED84A-5091-4510-B4B1-0DB578A500E0}.Debug|Any CPU.ActiveCfg = Debug|Any CPU
		{22DED84A-5091-4510-B4B1-0DB578A500E0}.Debug|Any CPU.Build.0 = Debug|Any CPU
		{22DED84A-5091-4510-B4B1-0DB578A500E0}.Release|Any CPU.ActiveCfg = Release|Any CPU
		{22DED84A-5091-4510-B4B1-0DB578A500E0}.Release|Any CPU.Build.0 = Release|Any CPU
		{9DDA618E-A65B-4C8D-A789-49E95B9E1DD2}.Debug|Any CPU.ActiveCfg = Debug|Any CPU
		{9DDA618E-A65B-4C8D-A789-49E95B9E1DD2}.Debug|Any CPU.Build.0 = Debug|Any CPU
		{9DDA618E-A65B-4C8D-A789-49E95B9E1DD2}.Release|Any CPU.ActiveCfg = Release|Any CPU
		{9DDA618E-A65B-4C8D-A789-49E95B9E1DD2}.Release|Any CPU.Build.0 = Release|Any CPU
		{7D8AA76B-0C5C-4456-B337-013ED3C8F4E8}.Debug|Any CPU.ActiveCfg = Debug|Any CPU
		{7D8AA76B-0C5C-4456-B337-013ED3C8F4E8}.Debug|Any CPU.Build.0 = Debug|Any CPU
		{7D8AA76B-0C5C-4456-B337-013ED3C8F4E8}.Release|Any CPU.ActiveCfg = Release|Any CPU
		{7D8AA76B-0C5C-4456-B337-013ED3C8F4E8}.Release|Any CPU.Build.0 = Release|Any CPU
		{30248992-D8F5-49E3-8EDD-11B4280EF8E0}.Debug|Any CPU.ActiveCfg = Debug|Any CPU
		{30248992-D8F5-49E3-8EDD-11B4280EF8E0}.Debug|Any CPU.Build.0 = Debug|Any CPU
		{30248992-D8F5-49E3-8EDD-11B4280EF8E0}.Release|Any CPU.ActiveCfg = Release|Any CPU
		{30248992-D8F5-49E3-8EDD-11B4280EF8E0}.Release|Any CPU.Build.0 = Release|Any CPU
		{69798A8A-62D9-429F-A6FE-8D8C2FE1FB17}.Debug|Any CPU.ActiveCfg = Debug|Any CPU
		{69798A8A-62D9-429F-A6FE-8D8C2FE1FB17}.Debug|Any CPU.Build.0 = Debug|Any CPU
		{69798A8A-62D9-429F-A6FE-8D8C2FE1FB17}.Release|Any CPU.ActiveCfg = Release|Any CPU
		{69798A8A-62D9-429F-A6FE-8D8C2FE1FB17}.Release|Any CPU.Build.0 = Release|Any CPU
		{59FC58E7-3478-40C2-B8F6-D257B95126E4}.Debug|Any CPU.ActiveCfg = Debug|Any CPU
		{59FC58E7-3478-40C2-B8F6-D257B95126E4}.Debug|Any CPU.Build.0 = Debug|Any CPU
		{59FC58E7-3478-40C2-B8F6-D257B95126E4}.Release|Any CPU.ActiveCfg = Release|Any CPU
		{59FC58E7-3478-40C2-B8F6-D257B95126E4}.Release|Any CPU.Build.0 = Release|Any CPU
		{EC44D749-E052-4C2B-A0AB-AF88CF0D1ECF}.Debug|Any CPU.ActiveCfg = Debug|Any CPU
		{EC44D749-E052-4C2B-A0AB-AF88CF0D1ECF}.Debug|Any CPU.Build.0 = Debug|Any CPU
		{EC44D749-E052-4C2B-A0AB-AF88CF0D1ECF}.Release|Any CPU.ActiveCfg = Release|Any CPU
		{EC44D749-E052-4C2B-A0AB-AF88CF0D1ECF}.Release|Any CPU.Build.0 = Release|Any CPU
		{F22539BA-AA66-410B-9960-C2100E0F7620}.Debug|Any CPU.ActiveCfg = Debug|Any CPU
		{F22539BA-AA66-410B-9960-C2100E0F7620}.Debug|Any CPU.Build.0 = Debug|Any CPU
		{F22539BA-AA66-410B-9960-C2100E0F7620}.Release|Any CPU.ActiveCfg = Release|Any CPU
		{F22539BA-AA66-410B-9960-C2100E0F7620}.Release|Any CPU.Build.0 = Release|Any CPU
		{899AD39E-9C9B-428F-A0B4-CC45257887F8}.Debug|Any CPU.ActiveCfg = Debug|Any CPU
		{899AD39E-9C9B-428F-A0B4-CC45257887F8}.Debug|Any CPU.Build.0 = Debug|Any CPU
		{899AD39E-9C9B-428F-A0B4-CC45257887F8}.Release|Any CPU.ActiveCfg = Release|Any CPU
		{899AD39E-9C9B-428F-A0B4-CC45257887F8}.Release|Any CPU.Build.0 = Release|Any CPU
		{C4FBA5D1-1A7A-4065-A88F-08837332754A}.Debug|Any CPU.ActiveCfg = Debug|Any CPU
		{C4FBA5D1-1A7A-4065-A88F-08837332754A}.Debug|Any CPU.Build.0 = Debug|Any CPU
		{C4FBA5D1-1A7A-4065-A88F-08837332754A}.Release|Any CPU.ActiveCfg = Release|Any CPU
		{C4FBA5D1-1A7A-4065-A88F-08837332754A}.Release|Any CPU.Build.0 = Release|Any CPU
		{2F94B7ED-6A6A-48D5-8349-34794E92A10A}.Debug|Any CPU.ActiveCfg = Debug|Any CPU
		{2F94B7ED-6A6A-48D5-8349-34794E92A10A}.Debug|Any CPU.Build.0 = Debug|Any CPU
		{2F94B7ED-6A6A-48D5-8349-34794E92A10A}.Release|Any CPU.ActiveCfg = Release|Any CPU
		{2F94B7ED-6A6A-48D5-8349-34794E92A10A}.Release|Any CPU.Build.0 = Release|Any CPU
		{143AFC77-A8B7-4A2F-9658-DAA988E9F3F0}.Debug|Any CPU.ActiveCfg = Debug|Any CPU
		{143AFC77-A8B7-4A2F-9658-DAA988E9F3F0}.Debug|Any CPU.Build.0 = Debug|Any CPU
		{143AFC77-A8B7-4A2F-9658-DAA988E9F3F0}.Release|Any CPU.ActiveCfg = Release|Any CPU
		{143AFC77-A8B7-4A2F-9658-DAA988E9F3F0}.Release|Any CPU.Build.0 = Release|Any CPU
		{2534BF9A-D9A4-4CC5-90CF-ED398E203AB2}.Debug|Any CPU.ActiveCfg = Debug|Any CPU
		{2534BF9A-D9A4-4CC5-90CF-ED398E203AB2}.Debug|Any CPU.Build.0 = Debug|Any CPU
		{2534BF9A-D9A4-4CC5-90CF-ED398E203AB2}.Release|Any CPU.ActiveCfg = Release|Any CPU
		{2534BF9A-D9A4-4CC5-90CF-ED398E203AB2}.Release|Any CPU.Build.0 = Release|Any CPU
		{603FEED1-352D-4755-81B8-D23015E3EC02}.Debug|Any CPU.ActiveCfg = Debug|Any CPU
		{603FEED1-352D-4755-81B8-D23015E3EC02}.Debug|Any CPU.Build.0 = Debug|Any CPU
		{603FEED1-352D-4755-81B8-D23015E3EC02}.Release|Any CPU.ActiveCfg = Release|Any CPU
		{603FEED1-352D-4755-81B8-D23015E3EC02}.Release|Any CPU.Build.0 = Release|Any CPU
		{F7FD9EF1-3D75-434E-ACDC-79E456AE45B8}.Debug|Any CPU.ActiveCfg = Debug|Any CPU
		{F7FD9EF1-3D75-434E-ACDC-79E456AE45B8}.Debug|Any CPU.Build.0 = Debug|Any CPU
		{F7FD9EF1-3D75-434E-ACDC-79E456AE45B8}.Release|Any CPU.ActiveCfg = Release|Any CPU
		{F7FD9EF1-3D75-434E-ACDC-79E456AE45B8}.Release|Any CPU.Build.0 = Release|Any CPU
	EndGlobalSection
	GlobalSection(SolutionProperties) = preSolution
		HideSolutionNode = FALSE
	EndGlobalSection
	GlobalSection(ExtensibilityGlobals) = postSolution
		SolutionGuid = {CB2E7E8A-1FBC-43C4-A767-E381C7B86896}
	EndGlobalSection
EndGlobal
